<?xml version="1.0" encoding="utf-8"?>
<Project ToolsVersion="4.0" xmlns="http://schemas.microsoft.com/developer/msbuild/2003">
  <ItemGroup>
    <Filter Include="Исходные файлы">
      <UniqueIdentifier>{4FC737F1-C7A5-4376-A066-2A32D752A2FF}</UniqueIdentifier>
      <Extensions>cpp;c;cc;cxx;c++;def;odl;idl;hpj;bat;asm;asmx</Extensions>
    </Filter>
    <Filter Include="Файлы заголовков">
      <UniqueIdentifier>{93995380-89BD-4b04-88EB-625FBE52EBFB}</UniqueIdentifier>
      <Extensions>h;hh;hpp;hxx;h++;hm;inl;inc;ipp;xsd</Extensions>
    </Filter>
    <Filter Include="Файлы ресурсов">
      <UniqueIdentifier>{67DA6AB6-F800-4c08-8B7A-83BB121AAD01}</UniqueIdentifier>
      <Extensions>rc;ico;cur;bmp;dlg;rc2;rct;bin;rgs;gif;jpg;jpeg;jpe;resx;tiff;tif;png;wav;mfcribbon-ms</Extensions>
    </Filter>
    <Filter Include="Исходные файлы\Sockets">
      <UniqueIdentifier>{1c136bb2-5d36-4f6f-8b01-6903fb8da849}</UniqueIdentifier>
    </Filter>
    <Filter Include="Файлы заголовков\Sockets">
      <UniqueIdentifier>{7e032379-ef55-495a-a2e0-5f81d9146877}</UniqueIdentifier>
    </Filter>
    <Filter Include="Исходные файлы\Serialization">
      <UniqueIdentifier>{73ca1f11-ab2b-4bfe-a869-931f97faeb49}</UniqueIdentifier>
    </Filter>
    <Filter Include="Файлы заголовков\Serialization">
      <UniqueIdentifier>{655c3b96-39ec-47cc-af43-f6496bd2d5f7}</UniqueIdentifier>
    </Filter>
  </ItemGroup>
  <ItemGroup>
    <ClInclude Include="IPAddressFactory.h">
      <Filter>Файлы заголовков\Sockets</Filter>
    </ClInclude>
    <ClInclude Include="Shared.h">
      <Filter>Файлы заголовков\Sockets</Filter>
    </ClInclude>
    <ClInclude Include="SocketAddress.h">
      <Filter>Файлы заголовков\Sockets</Filter>
    </ClInclude>
    <ClInclude Include="SocketUtil.h">
      <Filter>Файлы заголовков\Sockets</Filter>
    </ClInclude>
    <ClInclude Include="TCPServer.h">
      <Filter>Файлы заголовков\Sockets</Filter>
    </ClInclude>
    <ClInclude Include="TCPSocket.h">
      <Filter>Файлы заголовков\Sockets</Filter>
    </ClInclude>
    <ClInclude Include="UDPSocket.h">
      <Filter>Файлы заголовков\Sockets</Filter>
    </ClInclude>
    <ClInclude Include="..\Serialization\TestClass.h">
      <Filter>Файлы заголовков\Serialization</Filter>
    </ClInclude>
    <ClInclude Include="..\Serialization\ByteSwap.h">
      <Filter>Файлы заголовков\Serialization</Filter>
    </ClInclude>
    <ClInclude Include="..\Serialization\InputMemoryBitStream.h">
      <Filter>Файлы заголовков\Serialization</Filter>
    </ClInclude>
    <ClInclude Include="..\Serialization\InputMemoryStream.h">
      <Filter>Файлы заголовков\Serialization</Filter>
    </ClInclude>
    <ClInclude Include="..\Serialization\MemberVariable.h">
      <Filter>Файлы заголовков\Serialization</Filter>
    </ClInclude>
    <ClInclude Include="..\Serialization\MemoryPCH.h">
      <Filter>Файлы заголовков\Serialization</Filter>
    </ClInclude>
    <ClInclude Include="..\Serialization\MemoryShared.h">
      <Filter>Файлы заголовков\Serialization</Filter>
    </ClInclude>
    <ClInclude Include="..\Serialization\OutputMemoryBitStream.h">
      <Filter>Файлы заголовков\Serialization</Filter>
    </ClInclude>
    <ClInclude Include="..\Serialization\OutputMemoryStream.h">
      <Filter>Файлы заголовков\Serialization</Filter>
    </ClInclude>
  </ItemGroup>
  <ItemGroup>
    <ClCompile Include="main_tcp_server.cpp">
      <Filter>Исходные файлы</Filter>
    </ClCompile>
    <ClCompile Include="IPAddressFactory.cpp">
      <Filter>Исходные файлы\Sockets</Filter>
    </ClCompile>
    <ClCompile Include="SocketAddress.cpp">
      <Filter>Исходные файлы\Sockets</Filter>
    </ClCompile>
    <ClCompile Include="SocketUtil.cpp">
      <Filter>Исходные файлы\Sockets</Filter>
    </ClCompile>
    <ClCompile Include="TCPServer.cpp">
      <Filter>Исходные файлы\Sockets</Filter>
    </ClCompile>
    <ClCompile Include="TCPSocket.cpp">
      <Filter>Исходные файлы\Sockets</Filter>
    </ClCompile>
    <ClCompile Include="UDPSocket.cpp">
      <Filter>Исходные файлы\Sockets</Filter>
    </ClCompile>
    <ClCompile Include="..\Serialization\TestClass.cpp">
      <Filter>Исходные файлы\Serialization</Filter>
    </ClCompile>
    <ClCompile Include="..\Serialization\InputMemoryBitStream.cpp">
      <Filter>Исходные файлы\Serialization</Filter>
    </ClCompile>
    <ClCompile Include="..\Serialization\InputMemoryStream.cpp">
      <Filter>Исходные файлы\Serialization</Filter>
    </ClCompile>
    <ClCompile Include="..\Serialization\OutputMemoryBitStream.cpp">
      <Filter>Исходные файлы\Serialization</Filter>
    </ClCompile>
    <ClCompile Include="..\Serialization\OutputMemoryStream.cpp">
      <Filter>Исходные файлы\Serialization</Filter>
    </ClCompile>
  </ItemGroup>
</Project>